
Microsoft Visual Studio Solution File, Format Version 12.00
# Visual Studio Version 16
VisualStudioVersion = 16.0.808.6
MinimumVisualStudioVersion = 10.0.40219.1
Project("{FAE04EC0-301F-11D3-BF4B-00C04F79EFBC}") = "Bookstore", "Bookstore\Bookstore.csproj", "{6FA83DAF-E42D-4734-B942-D345F05D11D8}"
EndProject
Global
	GlobalSection(SolutionConfigurationPlatforms) = preSolution
		Debug|Any CPU = Debug|Any CPU
		Release|Any CPU = Release|Any CPU
	EndGlobalSection
	GlobalSection(ProjectConfigurationPlatforms) = postSolution
		{6FA83DAF-E42D-4734-B942-D345F05D11D8}.Debug|Any CPU.ActiveCfg = Debug|Any CPU
		{6FA83DAF-E42D-4734-B942-D345F05D11D8}.Debug|Any CPU.Build.0 = Debug|Any CPU
		{6FA83DAF-E42D-4734-B942-D345F05D11D8}.Release|Any CPU.ActiveCfg = Release|Any CPU
		{6FA83DAF-E42D-4734-B942-D345F05D11D8}.Release|Any CPU.Build.0 = Release|Any CPU
	EndGlobalSection
	GlobalSection(SolutionProperties) = preSolution
		HideSolutionNode = FALSE
	EndGlobalSection
	GlobalSection(ExtensibilityGlobals) = postSolution
		SolutionGuid = {1370DB7C-79FD-40CD-AC51-2C838AE6A4EB}
	EndGlobalSection
EndGlobal
